// !$*UTF8*$!
{
	archiveVersion = 1;
	classes = {
	};
	objectVersion = 46;
	objects = {

/* Begin PBXBuildFile section */
		908FB4661F3078BE00627E9F /* main.m in Sources */ = {isa = PBXBuildFile; fileRef = 908FB4651F3078BE00627E9F /* main.m */; };
		908FB4691F3078BE00627E9F /* AppDelegate.m in Sources */ = {isa = PBXBuildFile; fileRef = 908FB4681F3078BE00627E9F /* AppDelegate.m */; };
		908FB46C1F3078BE00627E9F /* ViewController.m in Sources */ = {isa = PBXBuildFile; fileRef = 908FB46B1F3078BE00627E9F /* ViewController.m */; };
		908FB46F1F3078BE00627E9F /* Main.storyboard in Resources */ = {isa = PBXBuildFile; fileRef = 908FB46D1F3078BE00627E9F /* Main.storyboard */; };
		908FB4711F3078BE00627E9F /* Assets.xcassets in Resources */ = {isa = PBXBuildFile; fileRef = 908FB4701F3078BE00627E9F /* Assets.xcassets */; };
		908FB4741F3078BE00627E9F /* LaunchScreen.storyboard in Resources */ = {isa = PBXBuildFile; fileRef = 908FB4721F3078BE00627E9F /* LaunchScreen.storyboard */; };
		908FB47F1F3078BE00627E9F /* aaTests.m in Sources */ = {isa = PBXBuildFile; fileRef = 908FB47E1F3078BE00627E9F /* aaTests.m */; };
		908FB48A1F3078BE00627E9F /* aaUITests.m in Sources */ = {isa = PBXBuildFile; fileRef = 908FB4891F3078BE00627E9F /* aaUITests.m */; };
		908FB4C81F3078C500627E9F /* NSBundle+ZLPhotoBrowser.m in Sources */ = {isa = PBXBuildFile; fileRef = 908FB4991F3078C500627E9F /* NSBundle+ZLPhotoBrowser.m */; };
		908FB4C91F3078C500627E9F /* btn_circle@2x.png in Resources */ = {isa = PBXBuildFile; fileRef = 908FB49B1F3078C500627E9F /* btn_circle@2x.png */; };
		908FB4CA1F3078C500627E9F /* btn_circle@3x.png in Resources */ = {isa = PBXBuildFile; fileRef = 908FB49C1F3078C500627E9F /* btn_circle@3x.png */; };
		908FB4CB1F3078C500627E9F /* btn_original_circle.png in Resources */ = {isa = PBXBuildFile; fileRef = 908FB49D1F3078C500627E9F /* btn_original_circle.png */; };
		908FB4CC1F3078C500627E9F /* btn_original_circle@2x.png in Resources */ = {isa = PBXBuildFile; fileRef = 908FB49E1F3078C500627E9F /* btn_original_circle@2x.png */; };
		908FB4CD1F3078C500627E9F /* btn_original_circle@3x.png in Resources */ = {isa = PBXBuildFile; fileRef = 908FB49F1F3078C500627E9F /* btn_original_circle@3x.png */; };
		908FB4CE1F3078C500627E9F /* btn_selected.png in Resources */ = {isa = PBXBuildFile; fileRef = 908FB4A01F3078C500627E9F /* btn_selected.png */; };
		908FB4CF1F3078C500627E9F /* btn_selected@2x.png in Resources */ = {isa = PBXBuildFile; fileRef = 908FB4A11F3078C500627E9F /* btn_selected@2x.png */; };
		908FB4D01F3078C500627E9F /* btn_selected@3x.png in Resources */ = {isa = PBXBuildFile; fileRef = 908FB4A21F3078C500627E9F /* btn_selected@3x.png */; };
		908FB4D11F3078C500627E9F /* btn_unselected.png in Resources */ = {isa = PBXBuildFile; fileRef = 908FB4A31F3078C500627E9F /* btn_unselected.png */; };
		908FB4D21F3078C500627E9F /* btn_unselected@2x.png in Resources */ = {isa = PBXBuildFile; fileRef = 908FB4A41F3078C500627E9F /* btn_unselected@2x.png */; };
		908FB4D31F3078C500627E9F /* btn_unselected@3x.png in Resources */ = {isa = PBXBuildFile; fileRef = 908FB4A51F3078C500627E9F /* btn_unselected@3x.png */; };
		908FB4D41F3078C500627E9F /* defaultphoto.png in Resources */ = {isa = PBXBuildFile; fileRef = 908FB4A61F3078C500627E9F /* defaultphoto.png */; };
		908FB4D51F3078C500627E9F /* lock.png in Resources */ = {isa = PBXBuildFile; fileRef = 908FB4A71F3078C500627E9F /* lock.png */; };
		908FB4D61F3078C500627E9F /* navBackBtn@2x.png in Resources */ = {isa = PBXBuildFile; fileRef = 908FB4A81F3078C500627E9F /* navBackBtn@2x.png */; };
		908FB4D71F3078C500627E9F /* ZLCollectionCell.xib in Resources */ = {isa = PBXBuildFile; fileRef = 908FB4A91F3078C500627E9F /* ZLCollectionCell.xib */; };
		908FB4D81F3078C500627E9F /* ZLNoAuthorityViewController.xib in Resources */ = {isa = PBXBuildFile; fileRef = 908FB4AA1F3078C500627E9F /* ZLNoAuthorityViewController.xib */; };
		908FB4D91F3078C500627E9F /* ZLPhotoActionSheet.xib in Resources */ = {isa = PBXBuildFile; fileRef = 908FB4AB1F3078C500627E9F /* ZLPhotoActionSheet.xib */; };
		908FB4DA1F3078C500627E9F /* ZLPhotoBrowser.bundle in Resources */ = {isa = PBXBuildFile; fileRef = 908FB4AC1F3078C500627E9F /* ZLPhotoBrowser.bundle */; };
		908FB4DB1F3078C500627E9F /* ZLPhotoBrowserCell.xib in Resources */ = {isa = PBXBuildFile; fileRef = 908FB4AD1F3078C500627E9F /* ZLPhotoBrowserCell.xib */; };
		908FB4DC1F3078C500627E9F /* ZLThumbnailViewController.xib in Resources */ = {isa = PBXBuildFile; fileRef = 908FB4AE1F3078C500627E9F /* ZLThumbnailViewController.xib */; };
		908FB4DD1F3078C500627E9F /* ToastUtils.m in Sources */ = {isa = PBXBuildFile; fileRef = 908FB4B01F3078C500627E9F /* ToastUtils.m */; };
		908FB4DE1F3078C500627E9F /* ZLBigImageCell.m in Sources */ = {isa = PBXBuildFile; fileRef = 908FB4B21F3078C500627E9F /* ZLBigImageCell.m */; };
		908FB4DF1F3078C500627E9F /* ZLCollectionCell.m in Sources */ = {isa = PBXBuildFile; fileRef = 908FB4B41F3078C500627E9F /* ZLCollectionCell.m */; };
		908FB4E01F3078C500627E9F /* ZLNoAuthorityViewController.m in Sources */ = {isa = PBXBuildFile; fileRef = 908FB4B71F3078C500627E9F /* ZLNoAuthorityViewController.m */; };
		908FB4E11F3078C500627E9F /* ZLPhotoActionSheet.m in Sources */ = {isa = PBXBuildFile; fileRef = 908FB4B91F3078C500627E9F /* ZLPhotoActionSheet.m */; };
		908FB4E21F3078C500627E9F /* ZLPhotoBrowser.m in Sources */ = {isa = PBXBuildFile; fileRef = 908FB4BB1F3078C500627E9F /* ZLPhotoBrowser.m */; };
		908FB4E31F3078C500627E9F /* ZLPhotoBrowserCell.m in Sources */ = {isa = PBXBuildFile; fileRef = 908FB4BD1F3078C500627E9F /* ZLPhotoBrowserCell.m */; };
		908FB4E41F3078C500627E9F /* ZLPhotoTool.m in Sources */ = {isa = PBXBuildFile; fileRef = 908FB4BF1F3078C500627E9F /* ZLPhotoTool.m */; };
		908FB4E51F3078C500627E9F /* ZLProgressHUD.m in Sources */ = {isa = PBXBuildFile; fileRef = 908FB4C11F3078C500627E9F /* ZLProgressHUD.m */; };
		908FB4E61F3078C500627E9F /* ZLSelectPhotoModel.m in Sources */ = {isa = PBXBuildFile; fileRef = 908FB4C31F3078C500627E9F /* ZLSelectPhotoModel.m */; };
		908FB4E71F3078C500627E9F /* ZLShowBigImgViewController.m in Sources */ = {isa = PBXBuildFile; fileRef = 908FB4C51F3078C500627E9F /* ZLShowBigImgViewController.m */; };
		908FB4E81F3078C500627E9F /* ZLThumbnailViewController.m in Sources */ = {isa = PBXBuildFile; fileRef = 908FB4C71F3078C500627E9F /* ZLThumbnailViewController.m */; };
		908FB4EB1F307CAD00627E9F /* OneTableViewCell.m in Sources */ = {isa = PBXBuildFile; fileRef = 908FB4EA1F307CAD00627E9F /* OneTableViewCell.m */; };
		908FB4EE1F309BBC00627E9F /* Demo1Cell.m in Sources */ = {isa = PBXBuildFile; fileRef = 908FB4EC1F309BBC00627E9F /* Demo1Cell.m */; };
		90BE4D751F316DD5005DBDCE /* BaseAlertView.m in Sources */ = {isa = PBXBuildFile; fileRef = 90BE4D721F316DD5005DBDCE /* BaseAlertView.m */; };
		90BE4D761F316DD5005DBDCE /* BaseActionSheet.m in Sources */ = {isa = PBXBuildFile; fileRef = 90BE4D741F316DD5005DBDCE /* BaseActionSheet.m */; };
		90BE4D791F3171BB005DBDCE /* Foundation.framework in Frameworks */ = {isa = PBXBuildFile; fileRef = 90BE4D781F3171BB005DBDCE /* Foundation.framework */; };
/* End PBXBuildFile section */

/* Begin PBXContainerItemProxy section */
		908FB47B1F3078BE00627E9F /* PBXContainerItemProxy */ = {
			isa = PBXContainerItemProxy;
			containerPortal = 908FB4591F3078BD00627E9F /* Project object */;
			proxyType = 1;
			remoteGlobalIDString = 908FB4601F3078BE00627E9F;
			remoteInfo = aa;
		};
		908FB4861F3078BE00627E9F /* PBXContainerItemProxy */ = {
			isa = PBXContainerItemProxy;
			containerPortal = 908FB4591F3078BD00627E9F /* Project object */;
			proxyType = 1;
			remoteGlobalIDString = 908FB4601F3078BE00627E9F;
			remoteInfo = aa;
		};
/* End PBXContainerItemProxy section */

/* Begin PBXFileReference section */
		908FB4611F3078BE00627E9F /* aa.app */ = {isa = PBXFileReference; explicitFileType = wrapper.application; includeInIndex = 0; path = aa.app; sourceTree = BUILT_PRODUCTS_DIR; };
		908FB4651F3078BE00627E9F /* main.m */ = {isa = PBXFileReference; lastKnownFileType = sourcecode.c.objc; path = main.m; sourceTree = "<group>"; };
		908FB4671F3078BE00627E9F /* AppDelegate.h */ = {isa = PBXFileReference; lastKnownFileType = sourcecode.c.h; path = AppDelegate.h; sourceTree = "<group>"; };
		908FB4681F3078BE00627E9F /* AppDelegate.m */ = {isa = PBXFileReference; lastKnownFileType = sourcecode.c.objc; path = AppDelegate.m; sourceTree = "<group>"; };
		908FB46A1F3078BE00627E9F /* ViewController.h */ = {isa = PBXFileReference; lastKnownFileType = sourcecode.c.h; path = ViewController.h; sourceTree = "<group>"; };
		908FB46B1F3078BE00627E9F /* ViewController.m */ = {isa = PBXFileReference; lastKnownFileType = sourcecode.c.objc; path = ViewController.m; sourceTree = "<group>"; };
		908FB46E1F3078BE00627E9F /* Base */ = {isa = PBXFileReference; lastKnownFileType = file.storyboard; name = Base; path = Base.lproj/Main.storyboard; sourceTree = "<group>"; };
		908FB4701F3078BE00627E9F /* Assets.xcassets */ = {isa = PBXFileReference; lastKnownFileType = folder.assetcatalog; path = Assets.xcassets; sourceTree = "<group>"; };
		908FB4731F3078BE00627E9F /* Base */ = {isa = PBXFileReference; lastKnownFileType = file.storyboard; name = Base; path = Base.lproj/LaunchScreen.storyboard; sourceTree = "<group>"; };
		908FB4751F3078BE00627E9F /* Info.plist */ = {isa = PBXFileReference; lastKnownFileType = text.plist.xml; path = Info.plist; sourceTree = "<group>"; };
		908FB47A1F3078BE00627E9F /* aaTests.xctest */ = {isa = PBXFileReference; explicitFileType = wrapper.cfbundle; includeInIndex = 0; path = aaTests.xctest; sourceTree = BUILT_PRODUCTS_DIR; };
		908FB47E1F3078BE00627E9F /* aaTests.m */ = {isa = PBXFileReference; lastKnownFileType = sourcecode.c.objc; path = aaTests.m; sourceTree = "<group>"; };
		908FB4801F3078BE00627E9F /* Info.plist */ = {isa = PBXFileReference; lastKnownFileType = text.plist.xml; path = Info.plist; sourceTree = "<group>"; };
		908FB4851F3078BE00627E9F /* aaUITests.xctest */ = {isa = PBXFileReference; explicitFileType = wrapper.cfbundle; includeInIndex = 0; path = aaUITests.xctest; sourceTree = BUILT_PRODUCTS_DIR; };
		908FB4891F3078BE00627E9F /* aaUITests.m */ = {isa = PBXFileReference; lastKnownFileType = sourcecode.c.objc; path = aaUITests.m; sourceTree = "<group>"; };
		908FB48B1F3078BE00627E9F /* Info.plist */ = {isa = PBXFileReference; lastKnownFileType = text.plist.xml; path = Info.plist; sourceTree = "<group>"; };
		908FB4981F3078C500627E9F /* NSBundle+ZLPhotoBrowser.h */ = {isa = PBXFileReference; fileEncoding = 4; lastKnownFileType = sourcecode.c.h; path = "NSBundle+ZLPhotoBrowser.h"; sourceTree = "<group>"; };
		908FB4991F3078C500627E9F /* NSBundle+ZLPhotoBrowser.m */ = {isa = PBXFileReference; fileEncoding = 4; lastKnownFileType = sourcecode.c.objc; path = "NSBundle+ZLPhotoBrowser.m"; sourceTree = "<group>"; };
		908FB49B1F3078C500627E9F /* btn_circle@2x.png */ = {isa = PBXFileReference; lastKnownFileType = image.png; path = "btn_circle@2x.png"; sourceTree = "<group>"; };
		908FB49C1F3078C500627E9F /* btn_circle@3x.png */ = {isa = PBXFileReference; lastKnownFileType = image.png; path = "btn_circle@3x.png"; sourceTree = "<group>"; };
		908FB49D1F3078C500627E9F /* btn_original_circle.png */ = {isa = PBXFileReference; lastKnownFileType = image.png; path = btn_original_circle.png; sourceTree = "<group>"; };
		908FB49E1F3078C500627E9F /* btn_original_circle@2x.png */ = {isa = PBXFileReference; lastKnownFileType = image.png; path = "btn_original_circle@2x.png"; sourceTree = "<group>"; };
		908FB49F1F3078C500627E9F /* btn_original_circle@3x.png */ = {isa = PBXFileReference; lastKnownFileType = image.png; path = "btn_original_circle@3x.png"; sourceTree = "<group>"; };
		908FB4A01F3078C500627E9F /* btn_selected.png */ = {isa = PBXFileReference; lastKnownFileType = image.png; path = btn_selected.png; sourceTree = "<group>"; };
		908FB4A11F3078C500627E9F /* btn_selected@2x.png */ = {isa = PBXFileReference; lastKnownFileType = image.png; path = "btn_selected@2x.png"; sourceTree = "<group>"; };
		908FB4A21F3078C500627E9F /* btn_selected@3x.png */ = {isa = PBXFileReference; lastKnownFileType = image.png; path = "btn_selected@3x.png"; sourceTree = "<group>"; };
		908FB4A31F3078C500627E9F /* btn_unselected.png */ = {isa = PBXFileReference; lastKnownFileType = image.png; path = btn_unselected.png; sourceTree = "<group>"; };
		908FB4A41F3078C500627E9F /* btn_unselected@2x.png */ = {isa = PBXFileReference; lastKnownFileType = image.png; path = "btn_unselected@2x.png"; sourceTree = "<group>"; };
		908FB4A51F3078C500627E9F /* btn_unselected@3x.png */ = {isa = PBXFileReference; lastKnownFileType = image.png; path = "btn_unselected@3x.png"; sourceTree = "<group>"; };
		908FB4A61F3078C500627E9F /* defaultphoto.png */ = {isa = PBXFileReference; lastKnownFileType = image.png; path = defaultphoto.png; sourceTree = "<group>"; };
		908FB4A71F3078C500627E9F /* lock.png */ = {isa = PBXFileReference; lastKnownFileType = image.png; path = lock.png; sourceTree = "<group>"; };
		908FB4A81F3078C500627E9F /* navBackBtn@2x.png */ = {isa = PBXFileReference; lastKnownFileType = image.png; path = "navBackBtn@2x.png"; sourceTree = "<group>"; };
		908FB4A91F3078C500627E9F /* ZLCollectionCell.xib */ = {isa = PBXFileReference; fileEncoding = 4; lastKnownFileType = file.xib; path = ZLCollectionCell.xib; sourceTree = "<group>"; };
		908FB4AA1F3078C500627E9F /* ZLNoAuthorityViewController.xib */ = {isa = PBXFileReference; fileEncoding = 4; lastKnownFileType = file.xib; path = ZLNoAuthorityViewController.xib; sourceTree = "<group>"; };
		908FB4AB1F3078C500627E9F /* ZLPhotoActionSheet.xib */ = {isa = PBXFileReference; fileEncoding = 4; lastKnownFileType = file.xib; path = ZLPhotoActionSheet.xib; sourceTree = "<group>"; };
		908FB4AC1F3078C500627E9F /* ZLPhotoBrowser.bundle */ = {isa = PBXFileReference; lastKnownFileType = "wrapper.plug-in"; path = ZLPhotoBrowser.bundle; sourceTree = "<group>"; };
		908FB4AD1F3078C500627E9F /* ZLPhotoBrowserCell.xib */ = {isa = PBXFileReference; fileEncoding = 4; lastKnownFileType = file.xib; path = ZLPhotoBrowserCell.xib; sourceTree = "<group>"; };
		908FB4AE1F3078C500627E9F /* ZLThumbnailViewController.xib */ = {isa = PBXFileReference; fileEncoding = 4; lastKnownFileType = file.xib; path = ZLThumbnailViewController.xib; sourceTree = "<group>"; };
		908FB4AF1F3078C500627E9F /* ToastUtils.h */ = {isa = PBXFileReference; fileEncoding = 4; lastKnownFileType = sourcecode.c.h; path = ToastUtils.h; sourceTree = "<group>"; };
		908FB4B01F3078C500627E9F /* ToastUtils.m */ = {isa = PBXFileReference; fileEncoding = 4; lastKnownFileType = sourcecode.c.objc; path = ToastUtils.m; sourceTree = "<group>"; };
		908FB4B11F3078C500627E9F /* ZLBigImageCell.h */ = {isa = PBXFileReference; fileEncoding = 4; lastKnownFileType = sourcecode.c.h; path = ZLBigImageCell.h; sourceTree = "<group>"; };
		908FB4B21F3078C500627E9F /* ZLBigImageCell.m */ = {isa = PBXFileReference; fileEncoding = 4; lastKnownFileType = sourcecode.c.objc; path = ZLBigImageCell.m; sourceTree = "<group>"; };
		908FB4B31F3078C500627E9F /* ZLCollectionCell.h */ = {isa = PBXFileReference; fileEncoding = 4; lastKnownFileType = sourcecode.c.h; path = ZLCollectionCell.h; sourceTree = "<group>"; };
		908FB4B41F3078C500627E9F /* ZLCollectionCell.m */ = {isa = PBXFileReference; fileEncoding = 4; lastKnownFileType = sourcecode.c.objc; path = ZLCollectionCell.m; sourceTree = "<group>"; };
		908FB4B51F3078C500627E9F /* ZLDefine.h */ = {isa = PBXFileReference; fileEncoding = 4; lastKnownFileType = sourcecode.c.h; path = ZLDefine.h; sourceTree = "<group>"; };
		908FB4B61F3078C500627E9F /* ZLNoAuthorityViewController.h */ = {isa = PBXFileReference; fileEncoding = 4; lastKnownFileType = sourcecode.c.h; path = ZLNoAuthorityViewController.h; sourceTree = "<group>"; };
		908FB4B71F3078C500627E9F /* ZLNoAuthorityViewController.m */ = {isa = PBXFileReference; fileEncoding = 4; lastKnownFileType = sourcecode.c.objc; path = ZLNoAuthorityViewController.m; sourceTree = "<group>"; };
		908FB4B81F3078C500627E9F /* ZLPhotoActionSheet.h */ = {isa = PBXFileReference; fileEncoding = 4; lastKnownFileType = sourcecode.c.h; path = ZLPhotoActionSheet.h; sourceTree = "<group>"; };
		908FB4B91F3078C500627E9F /* ZLPhotoActionSheet.m */ = {isa = PBXFileReference; fileEncoding = 4; lastKnownFileType = sourcecode.c.objc; path = ZLPhotoActionSheet.m; sourceTree = "<group>"; };
		908FB4BA1F3078C500627E9F /* ZLPhotoBrowser.h */ = {isa = PBXFileReference; fileEncoding = 4; lastKnownFileType = sourcecode.c.h; path = ZLPhotoBrowser.h; sourceTree = "<group>"; };
		908FB4BB1F3078C500627E9F /* ZLPhotoBrowser.m */ = {isa = PBXFileReference; fileEncoding = 4; lastKnownFileType = sourcecode.c.objc; path = ZLPhotoBrowser.m; sourceTree = "<group>"; };
		908FB4BC1F3078C500627E9F /* ZLPhotoBrowserCell.h */ = {isa = PBXFileReference; fileEncoding = 4; lastKnownFileType = sourcecode.c.h; path = ZLPhotoBrowserCell.h; sourceTree = "<group>"; };
		908FB4BD1F3078C500627E9F /* ZLPhotoBrowserCell.m */ = {isa = PBXFileReference; fileEncoding = 4; lastKnownFileType = sourcecode.c.objc; path = ZLPhotoBrowserCell.m; sourceTree = "<group>"; };
		908FB4BE1F3078C500627E9F /* ZLPhotoTool.h */ = {isa = PBXFileReference; fileEncoding = 4; lastKnownFileType = sourcecode.c.h; path = ZLPhotoTool.h; sourceTree = "<group>"; };
		908FB4BF1F3078C500627E9F /* ZLPhotoTool.m */ = {isa = PBXFileReference; fileEncoding = 4; lastKnownFileType = sourcecode.c.objc; path = ZLPhotoTool.m; sourceTree = "<group>"; };
		908FB4C01F3078C500627E9F /* ZLProgressHUD.h */ = {isa = PBXFileReference; fileEncoding = 4; lastKnownFileType = sourcecode.c.h; path = ZLProgressHUD.h; sourceTree = "<group>"; };
		908FB4C11F3078C500627E9F /* ZLProgressHUD.m */ = {isa = PBXFileReference; fileEncoding = 4; lastKnownFileType = sourcecode.c.objc; path = ZLProgressHUD.m; sourceTree = "<group>"; };
		908FB4C21F3078C500627E9F /* ZLSelectPhotoModel.h */ = {isa = PBXFileReference; fileEncoding = 4; lastKnownFileType = sourcecode.c.h; path = ZLSelectPhotoModel.h; sourceTree = "<group>"; };
		908FB4C31F3078C500627E9F /* ZLSelectPhotoModel.m */ = {isa = PBXFileReference; fileEncoding = 4; lastKnownFileType = sourcecode.c.objc; path = ZLSelectPhotoModel.m; sourceTree = "<group>"; };
		908FB4C41F3078C500627E9F /* ZLShowBigImgViewController.h */ = {isa = PBXFileReference; fileEncoding = 4; lastKnownFileType = sourcecode.c.h; path = ZLShowBigImgViewController.h; sourceTree = "<group>"; };
		908FB4C51F3078C500627E9F /* ZLShowBigImgViewController.m */ = {isa = PBXFileReference; fileEncoding = 4; lastKnownFileType = sourcecode.c.objc; path = ZLShowBigImgViewController.m; sourceTree = "<group>"; };
		908FB4C61F3078C500627E9F /* ZLThumbnailViewController.h */ = {isa = PBXFileReference; fileEncoding = 4; lastKnownFileType = sourcecode.c.h; path = ZLThumbnailViewController.h; sourceTree = "<group>"; };
		908FB4C71F3078C500627E9F /* ZLThumbnailViewController.m */ = {isa = PBXFileReference; fileEncoding = 4; lastKnownFileType = sourcecode.c.objc; path = ZLThumbnailViewController.m; sourceTree = "<group>"; };
		908FB4E91F307CAD00627E9F /* OneTableViewCell.h */ = {isa = PBXFileReference; fileEncoding = 4; lastKnownFileType = sourcecode.c.h; path = OneTableViewCell.h; sourceTree = "<group>"; };
		908FB4EA1F307CAD00627E9F /* OneTableViewCell.m */ = {isa = PBXFileReference; fileEncoding = 4; lastKnownFileType = sourcecode.c.objc; path = OneTableViewCell.m; sourceTree = "<group>"; };
		908FB4EC1F309BBC00627E9F /* Demo1Cell.m */ = {isa = PBXFileReference; fileEncoding = 4; lastKnownFileType = sourcecode.c.objc; path = Demo1Cell.m; sourceTree = "<group>"; };
		908FB4ED1F309BBC00627E9F /* Demo1Cell.h */ = {isa = PBXFileReference; fileEncoding = 4; lastKnownFileType = sourcecode.c.h; path = Demo1Cell.h; sourceTree = "<group>"; };
		90BE4D711F316DD5005DBDCE /* BaseAlertView.h */ = {isa = PBXFileReference; fileEncoding = 4; lastKnownFileType = sourcecode.c.h; path = BaseAlertView.h; sourceTree = "<group>"; };
		90BE4D721F316DD5005DBDCE /* BaseAlertView.m */ = {isa = PBXFileReference; fileEncoding = 4; lastKnownFileType = sourcecode.c.objc; path = BaseAlertView.m; sourceTree = "<group>"; };
		90BE4D731F316DD5005DBDCE /* BaseActionSheet.h */ = {isa = PBXFileReference; fileEncoding = 4; lastKnownFileType = sourcecode.c.h; path = BaseActionSheet.h; sourceTree = "<group>"; };
		90BE4D741F316DD5005DBDCE /* BaseActionSheet.m */ = {isa = PBXFileReference; fileEncoding = 4; lastKnownFileType = sourcecode.c.objc; path = BaseActionSheet.m; sourceTree = "<group>"; };
		90BE4D781F3171BB005DBDCE /* Foundation.framework */ = {isa = PBXFileReference; lastKnownFileType = wrapper.framework; name = Foundation.framework; path = System/Library/Frameworks/Foundation.framework; sourceTree = SDKROOT; };
/* End PBXFileReference section */

/* Begin PBXFrameworksBuildPhase section */
		908FB45E1F3078BE00627E9F /* Frameworks */ = {
			isa = PBXFrameworksBuildPhase;
			buildActionMask = 2147483647;
			files = (
				90BE4D791F3171BB005DBDCE /* Foundation.framework in Frameworks */,
			);
			runOnlyForDeploymentPostprocessing = 0;
		};
		908FB4771F3078BE00627E9F /* Frameworks */ = {
			isa = PBXFrameworksBuildPhase;
			buildActionMask = 2147483647;
			files = (
			);
			runOnlyForDeploymentPostprocessing = 0;
		};
		908FB4821F3078BE00627E9F /* Frameworks */ = {
			isa = PBXFrameworksBuildPhase;
			buildActionMask = 2147483647;
			files = (
			);
			runOnlyForDeploymentPostprocessing = 0;
		};
/* End PBXFrameworksBuildPhase section */

/* Begin PBXGroup section */
		908FB4581F3078BD00627E9F = {
			isa = PBXGroup;
			children = (
				908FB4631F3078BE00627E9F /* aa */,
				908FB47D1F3078BE00627E9F /* aaTests */,
				908FB4881F3078BE00627E9F /* aaUITests */,
				908FB4621F3078BE00627E9F /* Products */,
				90BE4D771F3171BB005DBDCE /* Frameworks */,
			);
			sourceTree = "<group>";
		};
		908FB4621F3078BE00627E9F /* Products */ = {
			isa = PBXGroup;
			children = (
				908FB4611F3078BE00627E9F /* aa.app */,
				908FB47A1F3078BE00627E9F /* aaTests.xctest */,
				908FB4851F3078BE00627E9F /* aaUITests.xctest */,
			);
			name = Products;
			sourceTree = "<group>";
		};
		908FB4631F3078BE00627E9F /* aa */ = {
			isa = PBXGroup;
			children = (
				90BE4D711F316DD5005DBDCE /* BaseAlertView.h */,
				90BE4D721F316DD5005DBDCE /* BaseAlertView.m */,
				90BE4D731F316DD5005DBDCE /* BaseActionSheet.h */,
				90BE4D741F316DD5005DBDCE /* BaseActionSheet.m */,
				908FB4EC1F309BBC00627E9F /* Demo1Cell.m */,
				908FB4ED1F309BBC00627E9F /* Demo1Cell.h */,
				908FB4971F3078C500627E9F /* PhotoBrowser */,
				908FB4671F3078BE00627E9F /* AppDelegate.h */,
				908FB4681F3078BE00627E9F /* AppDelegate.m */,
				908FB46A1F3078BE00627E9F /* ViewController.h */,
				908FB46B1F3078BE00627E9F /* ViewController.m */,
				908FB4E91F307CAD00627E9F /* OneTableViewCell.h */,
				908FB4EA1F307CAD00627E9F /* OneTableViewCell.m */,
				908FB46D1F3078BE00627E9F /* Main.storyboard */,
				908FB4701F3078BE00627E9F /* Assets.xcassets */,
				908FB4721F3078BE00627E9F /* LaunchScreen.storyboard */,
				908FB4751F3078BE00627E9F /* Info.plist */,
				908FB4641F3078BE00627E9F /* Supporting Files */,
			);
			path = aa;
			sourceTree = "<group>";
		};
		908FB4641F3078BE00627E9F /* Supporting Files */ = {
			isa = PBXGroup;
			children = (
				908FB4651F3078BE00627E9F /* main.m */,
			);
			name = "Supporting Files";
			sourceTree = "<group>";
		};
		908FB47D1F3078BE00627E9F /* aaTests */ = {
			isa = PBXGroup;
			children = (
				908FB47E1F3078BE00627E9F /* aaTests.m */,
				908FB4801F3078BE00627E9F /* Info.plist */,
			);
			path = aaTests;
			sourceTree = "<group>";
		};
		908FB4881F3078BE00627E9F /* aaUITests */ = {
			isa = PBXGroup;
			children = (
				908FB4891F3078BE00627E9F /* aaUITests.m */,
				908FB48B1F3078BE00627E9F /* Info.plist */,
			);
			path = aaUITests;
			sourceTree = "<group>";
		};
		908FB4971F3078C500627E9F /* PhotoBrowser */ = {
			isa = PBXGroup;
			children = (
				908FB4981F3078C500627E9F /* NSBundle+ZLPhotoBrowser.h */,
				908FB4991F3078C500627E9F /* NSBundle+ZLPhotoBrowser.m */,
				908FB49A1F3078C500627E9F /* resource */,
				908FB4AF1F3078C500627E9F /* ToastUtils.h */,
				908FB4B01F3078C500627E9F /* ToastUtils.m */,
				908FB4B11F3078C500627E9F /* ZLBigImageCell.h */,
				908FB4B21F3078C500627E9F /* ZLBigImageCell.m */,
				908FB4B31F3078C500627E9F /* ZLCollectionCell.h */,
				908FB4B41F3078C500627E9F /* ZLCollectionCell.m */,
				908FB4B51F3078C500627E9F /* ZLDefine.h */,
				908FB4B61F3078C500627E9F /* ZLNoAuthorityViewController.h */,
				908FB4B71F3078C500627E9F /* ZLNoAuthorityViewController.m */,
				908FB4B81F3078C500627E9F /* ZLPhotoActionSheet.h */,
				908FB4B91F3078C500627E9F /* ZLPhotoActionSheet.m */,
				908FB4BA1F3078C500627E9F /* ZLPhotoBrowser.h */,
				908FB4BB1F3078C500627E9F /* ZLPhotoBrowser.m */,
				908FB4BC1F3078C500627E9F /* ZLPhotoBrowserCell.h */,
				908FB4BD1F3078C500627E9F /* ZLPhotoBrowserCell.m */,
				908FB4BE1F3078C500627E9F /* ZLPhotoTool.h */,
				908FB4BF1F3078C500627E9F /* ZLPhotoTool.m */,
				908FB4C01F3078C500627E9F /* ZLProgressHUD.h */,
				908FB4C11F3078C500627E9F /* ZLProgressHUD.m */,
				908FB4C21F3078C500627E9F /* ZLSelectPhotoModel.h */,
				908FB4C31F3078C500627E9F /* ZLSelectPhotoModel.m */,
				908FB4C41F3078C500627E9F /* ZLShowBigImgViewController.h */,
				908FB4C51F3078C500627E9F /* ZLShowBigImgViewController.m */,
				908FB4C61F3078C500627E9F /* ZLThumbnailViewController.h */,
				908FB4C71F3078C500627E9F /* ZLThumbnailViewController.m */,
			);
			path = PhotoBrowser;
			sourceTree = "<group>";
		};
		908FB49A1F3078C500627E9F /* resource */ = {
			isa = PBXGroup;
			children = (
				908FB49B1F3078C500627E9F /* btn_circle@2x.png */,
				908FB49C1F3078C500627E9F /* btn_circle@3x.png */,
				908FB49D1F3078C500627E9F /* btn_original_circle.png */,
				908FB49E1F3078C500627E9F /* btn_original_circle@2x.png */,
				908FB49F1F3078C500627E9F /* btn_original_circle@3x.png */,
				908FB4A01F3078C500627E9F /* btn_selected.png */,
				908FB4A11F3078C500627E9F /* btn_selected@2x.png */,
				908FB4A21F3078C500627E9F /* btn_selected@3x.png */,
				908FB4A31F3078C500627E9F /* btn_unselected.png */,
				908FB4A41F3078C500627E9F /* btn_unselected@2x.png */,
				908FB4A51F3078C500627E9F /* btn_unselected@3x.png */,
				908FB4A61F3078C500627E9F /* defaultphoto.png */,
				908FB4A71F3078C500627E9F /* lock.png */,
				908FB4A81F3078C500627E9F /* navBackBtn@2x.png */,
				908FB4A91F3078C500627E9F /* ZLCollectionCell.xib */,
				908FB4AA1F3078C500627E9F /* ZLNoAuthorityViewController.xib */,
				908FB4AB1F3078C500627E9F /* ZLPhotoActionSheet.xib */,
				908FB4AC1F3078C500627E9F /* ZLPhotoBrowser.bundle */,
				908FB4AD1F3078C500627E9F /* ZLPhotoBrowserCell.xib */,
				908FB4AE1F3078C500627E9F /* ZLThumbnailViewController.xib */,
			);
			path = resource;
			sourceTree = "<group>";
		};
		90BE4D771F3171BB005DBDCE /* Frameworks */ = {
			isa = PBXGroup;
			children = (
				90BE4D781F3171BB005DBDCE /* Foundation.framework */,
			);
			name = Frameworks;
			sourceTree = "<group>";
		};
/* End PBXGroup section */

/* Begin PBXNativeTarget section */
		908FB4601F3078BE00627E9F /* aa */ = {
			isa = PBXNativeTarget;
			buildConfigurationList = 908FB48E1F3078BE00627E9F /* Build configuration list for PBXNativeTarget "aa" */;
			buildPhases = (
				908FB45D1F3078BE00627E9F /* Sources */,
				908FB45E1F3078BE00627E9F /* Frameworks */,
				908FB45F1F3078BE00627E9F /* Resources */,
			);
			buildRules = (
			);
			dependencies = (
			);
			name = aa;
			productName = aa;
			productReference = 908FB4611F3078BE00627E9F /* aa.app */;
			productType = "com.apple.product-type.application";
		};
		908FB4791F3078BE00627E9F /* aaTests */ = {
			isa = PBXNativeTarget;
			buildConfigurationList = 908FB4911F3078BE00627E9F /* Build configuration list for PBXNativeTarget "aaTests" */;
			buildPhases = (
				908FB4761F3078BE00627E9F /* Sources */,
				908FB4771F3078BE00627E9F /* Frameworks */,
				908FB4781F3078BE00627E9F /* Resources */,
			);
			buildRules = (
			);
			dependencies = (
				908FB47C1F3078BE00627E9F /* PBXTargetDependency */,
			);
			name = aaTests;
			productName = aaTests;
			productReference = 908FB47A1F3078BE00627E9F /* aaTests.xctest */;
			productType = "com.apple.product-type.bundle.unit-test";
		};
		908FB4841F3078BE00627E9F /* aaUITests */ = {
			isa = PBXNativeTarget;
			buildConfigurationList = 908FB4941F3078BE00627E9F /* Build configuration list for PBXNativeTarget "aaUITests" */;
			buildPhases = (
				908FB4811F3078BE00627E9F /* Sources */,
				908FB4821F3078BE00627E9F /* Frameworks */,
				908FB4831F3078BE00627E9F /* Resources */,
			);
			buildRules = (
			);
			dependencies = (
				908FB4871F3078BE00627E9F /* PBXTargetDependency */,
			);
			name = aaUITests;
			productName = aaUITests;
			productReference = 908FB4851F3078BE00627E9F /* aaUITests.xctest */;
			productType = "com.apple.product-type.bundle.ui-testing";
		};
/* End PBXNativeTarget section */

/* Begin PBXProject section */
		908FB4591F3078BD00627E9F /* Project object */ = {
			isa = PBXProject;
			attributes = {
				LastUpgradeCheck = 0830;
				ORGANIZATIONNAME = "bigbang进哥哥";
				TargetAttributes = {
					908FB4601F3078BE00627E9F = {
						CreatedOnToolsVersion = 8.3.3;
						ProvisioningStyle = Automatic;
					};
					908FB4791F3078BE00627E9F = {
						CreatedOnToolsVersion = 8.3.3;
						ProvisioningStyle = Automatic;
						TestTargetID = 908FB4601F3078BE00627E9F;
					};
					908FB4841F3078BE00627E9F = {
						CreatedOnToolsVersion = 8.3.3;
						ProvisioningStyle = Automatic;
						TestTargetID = 908FB4601F3078BE00627E9F;
					};
				};
			};
			buildConfigurationList = 908FB45C1F3078BD00627E9F /* Build configuration list for PBXProject "aa" */;
			compatibilityVersion = "Xcode 3.2";
			developmentRegion = English;
			hasScannedForEncodings = 0;
			knownRegions = (
				en,
				Base,
			);
			mainGroup = 908FB4581F3078BD00627E9F;
			productRefGroup = 908FB4621F3078BE00627E9F /* Products */;
			projectDirPath = "";
			projectRoot = "";
			targets = (
				908FB4601F3078BE00627E9F /* aa */,
				908FB4791F3078BE00627E9F /* aaTests */,
				908FB4841F3078BE00627E9F /* aaUITests */,
			);
		};
/* End PBXProject section */

/* Begin PBXResourcesBuildPhase section */
		908FB45F1F3078BE00627E9F /* Resources */ = {
			isa = PBXResourcesBuildPhase;
			buildActionMask = 2147483647;
			files = (
				908FB4D11F3078C500627E9F /* btn_unselected.png in Resources */,
				908FB4741F3078BE00627E9F /* LaunchScreen.storyboard in Resources */,
				908FB4D41F3078C500627E9F /* defaultphoto.png in Resources */,
				908FB4D71F3078C500627E9F /* ZLCollectionCell.xib in Resources */,
				908FB4DA1F3078C500627E9F /* ZLPhotoBrowser.bundle in Resources */,
				908FB4DC1F3078C500627E9F /* ZLThumbnailViewController.xib in Resources */,
				908FB4CD1F3078C500627E9F /* btn_original_circle@3x.png in Resources */,
				908FB4D51F3078C500627E9F /* lock.png in Resources */,
				908FB4CA1F3078C500627E9F /* btn_circle@3x.png in Resources */,
				908FB4D61F3078C500627E9F /* navBackBtn@2x.png in Resources */,
				908FB4D31F3078C500627E9F /* btn_unselected@3x.png in Resources */,
				908FB4D21F3078C500627E9F /* btn_unselected@2x.png in Resources */,
				908FB4D01F3078C500627E9F /* btn_selected@3x.png in Resources */,
				908FB4CE1F3078C500627E9F /* btn_selected.png in Resources */,
				908FB4CF1F3078C500627E9F /* btn_selected@2x.png in Resources */,
				908FB4711F3078BE00627E9F /* Assets.xcassets in Resources */,
				908FB4CB1F3078C500627E9F /* btn_original_circle.png in Resources */,
				908FB46F1F3078BE00627E9F /* Main.storyboard in Resources */,
				908FB4C91F3078C500627E9F /* btn_circle@2x.png in Resources */,
				908FB4D81F3078C500627E9F /* ZLNoAuthorityViewController.xib in Resources */,
				908FB4D91F3078C500627E9F /* ZLPhotoActionSheet.xib in Resources */,
				908FB4CC1F3078C500627E9F /* btn_original_circle@2x.png in Resources */,
				908FB4DB1F3078C500627E9F /* ZLPhotoBrowserCell.xib in Resources */,
			);
			runOnlyForDeploymentPostprocessing = 0;
		};
		908FB4781F3078BE00627E9F /* Resources */ = {
			isa = PBXResourcesBuildPhase;
			buildActionMask = 2147483647;
			files = (
			);
			runOnlyForDeploymentPostprocessing = 0;
		};
		908FB4831F3078BE00627E9F /* Resources */ = {
			isa = PBXResourcesBuildPhase;
			buildActionMask = 2147483647;
			files = (
			);
			runOnlyForDeploymentPostprocessing = 0;
		};
/* End PBXResourcesBuildPhase section */

/* Begin PBXSourcesBuildPhase section */
		908FB45D1F3078BE00627E9F /* Sources */ = {
			isa = PBXSourcesBuildPhase;
			buildActionMask = 2147483647;
			files = (
				908FB4DE1F3078C500627E9F /* ZLBigImageCell.m in Sources */,
				908FB4DD1F3078C500627E9F /* ToastUtils.m in Sources */,
				908FB4E61F3078C500627E9F /* ZLSelectPhotoModel.m in Sources */,
				908FB46C1F3078BE00627E9F /* ViewController.m in Sources */,
				908FB4EE1F309BBC00627E9F /* Demo1Cell.m in Sources */,
				908FB4E31F3078C500627E9F /* ZLPhotoBrowserCell.m in Sources */,
				908FB4E51F3078C500627E9F /* ZLProgressHUD.m in Sources */,
				908FB4E01F3078C500627E9F /* ZLNoAuthorityViewController.m in Sources */,
				90BE4D761F316DD5005DBDCE /* BaseActionSheet.m in Sources */,
				908FB4691F3078BE00627E9F /* AppDelegate.m in Sources */,
				908FB4E21F3078C500627E9F /* ZLPhotoBrowser.m in Sources */,
				908FB4EB1F307CAD00627E9F /* OneTableViewCell.m in Sources */,
				90BE4D751F316DD5005DBDCE /* BaseAlertView.m in Sources */,
				908FB4C81F3078C500627E9F /* NSBundle+ZLPhotoBrowser.m in Sources */,
				908FB4661F3078BE00627E9F /* main.m in Sources */,
				908FB4DF1F3078C500627E9F /* ZLCollectionCell.m in Sources */,
				908FB4E41F3078C500627E9F /* ZLPhotoTool.m in Sources */,
				908FB4E11F3078C500627E9F /* ZLPhotoActionSheet.m in Sources */,
				908FB4E71F3078C500627E9F /* ZLShowBigImgViewController.m in Sources */,
				908FB4E81F3078C500627E9F /* ZLThumbnailViewController.m in Sources */,
			);
			runOnlyForDeploymentPostprocessing = 0;
		};
		908FB4761F3078BE00627E9F /* Sources */ = {
			isa = PBXSourcesBuildPhase;
			buildActionMask = 2147483647;
			files = (
				908FB47F1F3078BE00627E9F /* aaTests.m in Sources */,
			);
			runOnlyForDeploymentPostprocessing = 0;
		};
		908FB4811F3078BE00627E9F /* Sources */ = {
			isa = PBXSourcesBuildPhase;
			buildActionMask = 2147483647;
			files = (
				908FB48A1F3078BE00627E9F /* aaUITests.m in Sources */,
			);
			runOnlyForDeploymentPostprocessing = 0;
		};
/* End PBXSourcesBuildPhase section */

/* Begin PBXTargetDependency section */
		908FB47C1F3078BE00627E9F /* PBXTargetDependency */ = {
			isa = PBXTargetDependency;
			target = 908FB4601F3078BE00627E9F /* aa */;
			targetProxy = 908FB47B1F3078BE00627E9F /* PBXContainerItemProxy */;
		};
		908FB4871F3078BE00627E9F /* PBXTargetDependency */ = {
			isa = PBXTargetDependency;
			target = 908FB4601F3078BE00627E9F /* aa */;
			targetProxy = 908FB4861F3078BE00627E9F /* PBXContainerItemProxy */;
		};
/* End PBXTargetDependency section */

/* Begin PBXVariantGroup section */
		908FB46D1F3078BE00627E9F /* Main.storyboard */ = {
			isa = PBXVariantGroup;
			children = (
				908FB46E1F3078BE00627E9F /* Base */,
			);
			name = Main.storyboard;
			sourceTree = "<group>";
		};
		908FB4721F3078BE00627E9F /* LaunchScreen.storyboard */ = {
			isa = PBXVariantGroup;
			children = (
				908FB4731F3078BE00627E9F /* Base */,
			);
			name = LaunchScreen.storyboard;
			sourceTree = "<group>";
		};
/* End PBXVariantGroup section */

/* Begin XCBuildConfiguration section */
		908FB48C1F3078BE00627E9F /* Debug */ = {
			isa = XCBuildConfiguration;
			buildSettings = {
				ALWAYS_SEARCH_USER_PATHS = NO;
				CLANG_ANALYZER_NONNULL = YES;
				CLANG_ANALYZER_NUMBER_OBJECT_CONVERSION = YES_AGGRESSIVE;
				CLANG_CXX_LANGUAGE_STANDARD = "gnu++0x";
				CLANG_CXX_LIBRARY = "libc++";
				CLANG_ENABLE_MODULES = YES;
				CLANG_ENABLE_OBJC_ARC = YES;
				CLANG_WARN_BOOL_CONVERSION = YES;
				CLANG_WARN_CONSTANT_CONVERSION = YES;
				CLANG_WARN_DIRECT_OBJC_ISA_USAGE = YES_ERROR;
				CLANG_WARN_DOCUMENTATION_COMMENTS = YES;
				CLANG_WARN_EMPTY_BODY = YES;
				CLANG_WARN_ENUM_CONVERSION = YES;
				CLANG_WARN_INFINITE_RECURSION = YES;
				CLANG_WARN_INT_CONVERSION = YES;
				CLANG_WARN_OBJC_ROOT_CLASS = YES_ERROR;
				CLANG_WARN_SUSPICIOUS_MOVE = YES;
				CLANG_WARN_UNREACHABLE_CODE = YES;
				CLANG_WARN__DUPLICATE_METHOD_MATCH = YES;
				"CODE_SIGN_IDENTITY[sdk=iphoneos*]" = "iPhone Developer";
				COPY_PHASE_STRIP = NO;
				DEBUG_INFORMATION_FORMAT = dwarf;
				ENABLE_STRICT_OBJC_MSGSEND = YES;
				ENABLE_TESTABILITY = YES;
				GCC_C_LANGUAGE_STANDARD = gnu99;
				GCC_DYNAMIC_NO_PIC = NO;
				GCC_NO_COMMON_BLOCKS = YES;
				GCC_OPTIMIZATION_LEVEL = 0;
				GCC_PREPROCESSOR_DEFINITIONS = (
					"DEBUG=1",
					"$(inherited)",
				);
				GCC_WARN_64_TO_32_BIT_CONVERSION = YES;
				GCC_WARN_ABOUT_RETURN_TYPE = YES_ERROR;
				GCC_WARN_UNDECLARED_SELECTOR = YES;
				GCC_WARN_UNINITIALIZED_AUTOS = YES_AGGRESSIVE;
				GCC_WARN_UNUSED_FUNCTION = YES;
				GCC_WARN_UNUSED_VARIABLE = YES;
				IPHONEOS_DEPLOYMENT_TARGET = 10.0;
				MTL_ENABLE_DEBUG_INFO = YES;
				ONLY_ACTIVE_ARCH = YES;
				SDKROOT = iphoneos;
			};
			name = Debug;
		};
		908FB48D1F3078BE00627E9F /* Release */ = {
			isa = XCBuildConfiguration;
			buildSettings = {
				ALWAYS_SEARCH_USER_PATHS = NO;
				CLANG_ANALYZER_NONNULL = YES;
				CLANG_ANALYZER_NUMBER_OBJECT_CONVERSION = YES_AGGRESSIVE;
				CLANG_CXX_LANGUAGE_STANDARD = "gnu++0x";
				CLANG_CXX_LIBRARY = "libc++";
				CLANG_ENABLE_MODULES = YES;
				CLANG_ENABLE_OBJC_ARC = YES;
				CLANG_WARN_BOOL_CONVERSION = YES;
				CLANG_WARN_CONSTANT_CONVERSION = YES;
				CLANG_WARN_DIRECT_OBJC_ISA_USAGE = YES_ERROR;
				CLANG_WARN_DOCUMENTATION_COMMENTS = YES;
				CLANG_WARN_EMPTY_BODY = YES;
				CLANG_WARN_ENUM_CONVERSION = YES;
				CLANG_WARN_INFINITE_RECURSION = YES;
				CLANG_WARN_INT_CONVERSION = YES;
				CLANG_WARN_OBJC_ROOT_CLASS = YES_ERROR;
				CLANG_WARN_SUSPICIOUS_MOVE = YES;
				CLANG_WARN_UNREACHABLE_CODE = YES;
				CLANG_WARN__DUPLICATE_METHOD_MATCH = YES;
				"CODE_SIGN_IDENTITY[sdk=iphoneos*]" = "iPhone Developer";
				COPY_PHASE_STRIP = NO;
				DEBUG_INFORMATION_FORMAT = "dwarf-with-dsym";
				ENABLE_NS_ASSERTIONS = NO;
				ENABLE_STRICT_OBJC_MSGSEND = YES;
				GCC_C_LANGUAGE_STANDARD = gnu99;
				GCC_NO_COMMON_BLOCKS = YES;
				GCC_WARN_64_TO_32_BIT_CONVERSION = YES;
				GCC_WARN_ABOUT_RETURN_TYPE = YES_ERROR;
				GCC_WARN_UNDECLARED_SELECTOR = YES;
				GCC_WARN_UNINITIALIZED_AUTOS = YES_AGGRESSIVE;
				GCC_WARN_UNUSED_FUNCTION = YES;
				GCC_WARN_UNUSED_VARIABLE = YES;
				IPHONEOS_DEPLOYMENT_TARGET = 10.0;
				MTL_ENABLE_DEBUG_INFO = NO;
				SDKROOT = iphoneos;
				VALIDATE_PRODUCT = YES;
			};
			name = Release;
		};
		908FB48F1F3078BE00627E9F /* Debug */ = {
			isa = XCBuildConfiguration;
			buildSettings = {
				ASSETCATALOG_COMPILER_APPICON_NAME = AppIcon;
				INFOPLIST_FILE = aa/Info.plist;
				LD_RUNPATH_SEARCH_PATHS = "$(inherited) @executable_path/Frameworks";
				PRODUCT_BUNDLE_IDENTIFIER = "--.aa";
				PRODUCT_NAME = "$(TARGET_NAME)";
			};
			name = Debug;
		};
		908FB4901F3078BE00627E9F /* Release */ = {
			isa = XCBuildConfiguration;
			buildSettings = {
				ASSETCATALOG_COMPILER_APPICON_NAME = AppIcon;
				INFOPLIST_FILE = aa/Info.plist;
				LD_RUNPATH_SEARCH_PATHS = "$(inherited) @executable_path/Frameworks";
				PRODUCT_BUNDLE_IDENTIFIER = "--.aa";
				PRODUCT_NAME = "$(TARGET_NAME)";
			};
			name = Release;
		};
		908FB4921F3078BE00627E9F /* Debug */ = {
			isa = XCBuildConfiguration;
			buildSettings = {
				BUNDLE_LOADER = "$(TEST_HOST)";
				INFOPLIST_FILE = aaTests/Info.plist;
				LD_RUNPATH_SEARCH_PATHS = "$(inherited) @executable_path/Frameworks @loader_path/Frameworks";
				PRODUCT_BUNDLE_IDENTIFIER = "--.aaTests";
				PRODUCT_NAME = "$(TARGET_NAME)";
				TEST_HOST = "$(BUILT_PRODUCTS_DIR)/aa.app/aa";
			};
			name = Debug;
		};
		908FB4931F3078BE00627E9F /* Release */ = {
			isa = XCBuildConfiguration;
			buildSettings = {
				BUNDLE_LOADER = "$(TEST_HOST)";
				INFOPLIST_FILE = aaTests/Info.plist;
				LD_RUNPATH_SEARCH_PATHS = "$(inherited) @executable_path/Frameworks @loader_path/Frameworks";
				PRODUCT_BUNDLE_IDENTIFIER = "--.aaTests";
				PRODUCT_NAME = "$(TARGET_NAME)";
				TEST_HOST = "$(BUILT_PRODUCTS_DIR)/aa.app/aa";
			};
			name = Release;
		};
		908FB4951F3078BE00627E9F /* Debug */ = {
			isa = XCBuildConfiguration;
			buildSettings = {
				INFOPLIST_FILE = aaUITests/Info.plist;
				LD_RUNPATH_SEARCH_PATHS = "$(inherited) @executable_path/Frameworks @loader_path/Frameworks";
				PRODUCT_BUNDLE_IDENTIFIER = "--.aaUITests";
				PRODUCT_NAME = "$(TARGET_NAME)";
				TEST_TARGET_NAME = aa;
			};
			name = Debug;
		};
		908FB4961F3078BE00627E9F /* Release */ = {
			isa = XCBuildConfiguration;
			buildSettings = {
				INFOPLIST_FILE = aaUITests/Info.plist;
				LD_RUNPATH_SEARCH_PATHS = "$(inherited) @executable_path/Frameworks @loader_path/Frameworks";
				PRODUCT_BUNDLE_IDENTIFIER = "--.aaUITests";
				PRODUCT_NAME = "$(TARGET_NAME)";
				TEST_TARGET_NAME = aa;
			};
			name = Release;
		};
/* End XCBuildConfiguration section */

/* Begin XCConfigurationList section */
		908FB45C1F3078BD00627E9F /* Build configuration list for PBXProject "aa" */ = {
			isa = XCConfigurationList;
			buildConfigurations = (
				908FB48C1F3078BE00627E9F /* Debug */,
				908FB48D1F3078BE00627E9F /* Release */,
			);
			defaultConfigurationIsVisible = 0;
			defaultConfigurationName = Release;
		};
		908FB48E1F3078BE00627E9F /* Build configuration list for PBXNativeTarget "aa" */ = {
			isa = XCConfigurationList;
			buildConfigurations = (
				908FB48F1F3078BE00627E9F /* Debug */,
				908FB4901F3078BE00627E9F /* Release */,
			);
			defaultConfigurationIsVisible = 0;
			defaultConfigurationName = Release;
		};
		908FB4911F3078BE00627E9F /* Build configuration list for PBXNativeTarget "aaTests" */ = {
			isa = XCConfigurationList;
			buildConfigurations = (
				908FB4921F3078BE00627E9F /* Debug */,
				908FB4931F3078BE00627E9F /* Release */,
			);
			defaultConfigurationIsVisible = 0;
			defaultConfigurationName = Release;
		};
		908FB4941F3078BE00627E9F /* Build configuration list for PBXNativeTarget "aaUITests" */ = {
			isa = XCConfigurationList;
			buildConfigurations = (
				908FB4951F3078BE00627E9F /* Debug */,
				908FB4961F3078BE00627E9F /* Release */,
			);
			defaultConfigurationIsVisible = 0;
			defaultConfigurationName = Release;
		};
/* End XCConfigurationList section */
	};
	rootObject = 908FB4591F3078BD00627E9F /* Project object */;
}
